
Microsoft Visual Studio Solution File, Format Version 12.00
# Visual Studio 15
VisualStudioVersion = 15.0.28307.329
MinimumVisualStudioVersion = 10.0.40219.1
Project("{FAE04EC0-301F-11D3-BF4B-00C04F79EFBC}") = "ExperimentsDesign", "ExperimentsDesign\ExperimentsDesign.csproj", "{F958D926-4371-4BB6-A25F-23B7DA0B662A}"
EndProject
Global
	GlobalSection(SolutionConfigurationPlatforms) = preSolution
		Debug|Any CPU = Debug|Any CPU
		Release|Any CPU = Release|Any CPU
	EndGlobalSection
	GlobalSection(ProjectConfigurationPlatforms) = postSolution
		{F958D926-4371-4BB6-A25F-23B7DA0B662A}.Debug|Any CPU.ActiveCfg = Debug|Any CPU
		{F958D926-4371-4BB6-A25F-23B7DA0B662A}.Debug|Any CPU.Build.0 = Debug|Any CPU
		{F958D926-4371-4BB6-A25F-23B7DA0B662A}.Release|Any CPU.ActiveCfg = Release|Any CPU
		{F958D926-4371-4BB6-A25F-23B7DA0B662A}.Release|Any CPU.Build.0 = Release|Any CPU
	EndGlobalSection
	GlobalSection(SolutionProperties) = preSolution
		HideSolutionNode = FALSE
	EndGlobalSection
	GlobalSection(ExtensibilityGlobals) = postSolution
		SolutionGuid = {54DD52FA-3038-4652-9B5E-468068B0B01D}
	EndGlobalSection
EndGlobal
