
Microsoft Visual Studio Solution File, Format Version 12.00
# Visual Studio 15
VisualStudioVersion = 15.0.28307.329
MinimumVisualStudioVersion = 10.0.40219.1
Project("{9A19103F-16F7-4668-BE54-9A1E7A4F7556}") = "ExperimentsDesign", "ExperimentsDesign\ExperimentsDesign.csproj", "{F958D926-4371-4BB6-A25F-23B7DA0B662A}"
EndProject
Project("{FAE04EC0-301F-11D3-BF4B-00C04F79EFBC}") = "ExperimentsTest", "ExperimentsTest\ExperimentsTest.csproj", "{3E8870C6-5F61-4A3D-A641-859F76A27C22}"
EndProject
Global
	GlobalSection(SolutionConfigurationPlatforms) = preSolution
		Debug|Any CPU = Debug|Any CPU
		Debug|ARM = Debug|ARM
		Debug|ARM64 = Debug|ARM64
		Debug|x64 = Debug|x64
		Debug|x86 = Debug|x86
		Release|Any CPU = Release|Any CPU
		Release|ARM = Release|ARM
		Release|ARM64 = Release|ARM64
		Release|x64 = Release|x64
		Release|x86 = Release|x86
	EndGlobalSection
	GlobalSection(ProjectConfigurationPlatforms) = postSolution
		{F958D926-4371-4BB6-A25F-23B7DA0B662A}.Debug|Any CPU.ActiveCfg = Debug|Any CPU
		{F958D926-4371-4BB6-A25F-23B7DA0B662A}.Debug|Any CPU.Build.0 = Debug|Any CPU
		{F958D926-4371-4BB6-A25F-23B7DA0B662A}.Debug|ARM.ActiveCfg = Debug|Any CPU
		{F958D926-4371-4BB6-A25F-23B7DA0B662A}.Debug|ARM.Build.0 = Debug|Any CPU
		{F958D926-4371-4BB6-A25F-23B7DA0B662A}.Debug|ARM64.ActiveCfg = Debug|Any CPU
		{F958D926-4371-4BB6-A25F-23B7DA0B662A}.Debug|ARM64.Build.0 = Debug|Any CPU
		{F958D926-4371-4BB6-A25F-23B7DA0B662A}.Debug|x64.ActiveCfg = Debug|Any CPU
		{F958D926-4371-4BB6-A25F-23B7DA0B662A}.Debug|x64.Build.0 = Debug|Any CPU
		{F958D926-4371-4BB6-A25F-23B7DA0B662A}.Debug|x86.ActiveCfg = Debug|Any CPU
		{F958D926-4371-4BB6-A25F-23B7DA0B662A}.Debug|x86.Build.0 = Debug|Any CPU
		{F958D926-4371-4BB6-A25F-23B7DA0B662A}.Release|Any CPU.ActiveCfg = Release|Any CPU
		{F958D926-4371-4BB6-A25F-23B7DA0B662A}.Release|Any CPU.Build.0 = Release|Any CPU
		{F958D926-4371-4BB6-A25F-23B7DA0B662A}.Release|ARM.ActiveCfg = Release|Any CPU
		{F958D926-4371-4BB6-A25F-23B7DA0B662A}.Release|ARM.Build.0 = Release|Any CPU
		{F958D926-4371-4BB6-A25F-23B7DA0B662A}.Release|ARM64.ActiveCfg = Release|Any CPU
		{F958D926-4371-4BB6-A25F-23B7DA0B662A}.Release|ARM64.Build.0 = Release|Any CPU
		{F958D926-4371-4BB6-A25F-23B7DA0B662A}.Release|x64.ActiveCfg = Release|Any CPU
		{F958D926-4371-4BB6-A25F-23B7DA0B662A}.Release|x64.Build.0 = Release|Any CPU
		{F958D926-4371-4BB6-A25F-23B7DA0B662A}.Release|x86.ActiveCfg = Release|Any CPU
		{F958D926-4371-4BB6-A25F-23B7DA0B662A}.Release|x86.Build.0 = Release|Any CPU
		{3E8870C6-5F61-4A3D-A641-859F76A27C22}.Debug|Any CPU.ActiveCfg = Debug|Any CPU
		{3E8870C6-5F61-4A3D-A641-859F76A27C22}.Debug|Any CPU.Build.0 = Debug|Any CPU
		{3E8870C6-5F61-4A3D-A641-859F76A27C22}.Debug|ARM.ActiveCfg = Debug|Any CPU
		{3E8870C6-5F61-4A3D-A641-859F76A27C22}.Debug|ARM.Build.0 = Debug|Any CPU
		{3E8870C6-5F61-4A3D-A641-859F76A27C22}.Debug|ARM64.ActiveCfg = Debug|Any CPU
		{3E8870C6-5F61-4A3D-A641-859F76A27C22}.Debug|ARM64.Build.0 = Debug|Any CPU
		{3E8870C6-5F61-4A3D-A641-859F76A27C22}.Debug|x64.ActiveCfg = Debug|Any CPU
		{3E8870C6-5F61-4A3D-A641-859F76A27C22}.Debug|x64.Build.0 = Debug|Any CPU
		{3E8870C6-5F61-4A3D-A641-859F76A27C22}.Debug|x86.ActiveCfg = Debug|Any CPU
		{3E8870C6-5F61-4A3D-A641-859F76A27C22}.Debug|x86.Build.0 = Debug|Any CPU
		{3E8870C6-5F61-4A3D-A641-859F76A27C22}.Release|Any CPU.ActiveCfg = Release|Any CPU
		{3E8870C6-5F61-4A3D-A641-859F76A27C22}.Release|Any CPU.Build.0 = Release|Any CPU
		{3E8870C6-5F61-4A3D-A641-859F76A27C22}.Release|ARM.ActiveCfg = Release|Any CPU
		{3E8870C6-5F61-4A3D-A641-859F76A27C22}.Release|ARM.Build.0 = Release|Any CPU
		{3E8870C6-5F61-4A3D-A641-859F76A27C22}.Release|ARM64.ActiveCfg = Release|Any CPU
		{3E8870C6-5F61-4A3D-A641-859F76A27C22}.Release|ARM64.Build.0 = Release|Any CPU
		{3E8870C6-5F61-4A3D-A641-859F76A27C22}.Release|x64.ActiveCfg = Release|Any CPU
		{3E8870C6-5F61-4A3D-A641-859F76A27C22}.Release|x64.Build.0 = Release|Any CPU
		{3E8870C6-5F61-4A3D-A641-859F76A27C22}.Release|x86.ActiveCfg = Release|Any CPU
		{3E8870C6-5F61-4A3D-A641-859F76A27C22}.Release|x86.Build.0 = Release|Any CPU
	EndGlobalSection
	GlobalSection(SolutionProperties) = preSolution
		HideSolutionNode = FALSE
	EndGlobalSection
	GlobalSection(ExtensibilityGlobals) = postSolution
		SolutionGuid = {54DD52FA-3038-4652-9B5E-468068B0B01D}
	EndGlobalSection
EndGlobal
